
Microsoft Visual Studio Solution File, Format Version 12.00
# Visual Studio Version 16
VisualStudioVersion = 16.0.31112.23
MinimumVisualStudioVersion = 10.0.40219.1
Project("{FAE04EC0-301F-11D3-BF4B-00C04F79EFBC}") = "Kalc", "Kalc.csproj", "{33229B9A-0880-43C5-B3FE-B8A186F42EA3}"
EndProject
Global
	GlobalSection(SolutionConfigurationPlatforms) = preSolution
		Debug|Any CPU = Debug|Any CPU
		Release|Any CPU = Release|Any CPU
	EndGlobalSection
	GlobalSection(ProjectConfigurationPlatforms) = postSolution
		{33229B9A-0880-43C5-B3FE-B8A186F42EA3}.Debug|Any CPU.ActiveCfg = Debug|Any CPU
		{33229B9A-0880-43C5-B3FE-B8A186F42EA3}.Debug|Any CPU.Build.0 = Debug|Any CPU
		{33229B9A-0880-43C5-B3FE-B8A186F42EA3}.Release|Any CPU.ActiveCfg = Release|Any CPU
		{33229B9A-0880-43C5-B3FE-B8A186F42EA3}.Release|Any CPU.Build.0 = Release|Any CPU
	EndGlobalSection
	GlobalSection(SolutionProperties) = preSolution
		HideSolutionNode = FALSE
	EndGlobalSection
	GlobalSection(ExtensibilityGlobals) = postSolution
		SolutionGuid = {E0FA8DD0-E12F-4BE9-8065-6F04DA499357}
	EndGlobalSection
EndGlobal
